
Microsoft Visual Studio Solution File, Format Version 12.00
# Visual Studio Version 16
VisualStudioVersion = 16.0.30907.101
MinimumVisualStudioVersion = 10.0.40219.1
Project("{FAE04EC0-301F-11D3-BF4B-00C04F79EFBC}") = "WebApiWithAuth", "WebApiWithAuth\WebApiWithAuth.csproj", "{0D25D9A4-C160-427C-9824-F0FCE5F1F909}"
EndProject
Global
	GlobalSection(SolutionConfigurationPlatforms) = preSolution
		Debug|Any CPU = Debug|Any CPU
		Release|Any CPU = Release|Any CPU
	EndGlobalSection
	GlobalSection(ProjectConfigurationPlatforms) = postSolution
		{0D25D9A4-C160-427C-9824-F0FCE5F1F909}.Debug|Any CPU.ActiveCfg = Debug|Any CPU
		{0D25D9A4-C160-427C-9824-F0FCE5F1F909}.Debug|Any CPU.Build.0 = Debug|Any CPU
		{0D25D9A4-C160-427C-9824-F0FCE5F1F909}.Release|Any CPU.ActiveCfg = Release|Any CPU
		{0D25D9A4-C160-427C-9824-F0FCE5F1F909}.Release|Any CPU.Build.0 = Release|Any CPU
	EndGlobalSection
	GlobalSection(SolutionProperties) = preSolution
		HideSolutionNode = FALSE
	EndGlobalSection
	GlobalSection(ExtensibilityGlobals) = postSolution
		SolutionGuid = {1626D801-881B-4075-B1AE-044640A6AFED}
	EndGlobalSection
EndGlobal
